{
  "lockfileVersion": 1,
  "configVersion": 1,
  "workspaces": {
    "": {
      "name": "@prose-eng/html-to-pdfmake",
      "devDependencies": {
        "@biomejs/biome": "^1.9.4",
        "@types/bun": "^1.1.14",
        "@types/jsdom": "^21.1.7",
        "jsdom": "^25.0.1",
        "pdfmake": "^0.3.11",
        "pdfmake-0-2": "npm:pdfmake@0.2.23",
        "pdfmake-0-3": "npm:pdfmake@0.3.11",
        "typescript": "^5.7.2",
      },
      "peerDependencies": {
        "pdfmake": "^0.2.20 || ^0.3.0",
      },
      "optionalPeers": [
        "pdfmake",
      ],
    },
  },
  "trustedDependencies": [
    "@biomejs/biome",
  ],
  "packages": {
    "@asamuzakjp/css-color": ["@asamuzakjp/css-color@3.2.0", "", { "dependencies": { "@csstools/css-calc": "^2.1.3", "@csstools/css-color-parser": "^3.0.9", "@csstools/css-parser-algorithms": "^3.0.4", "@csstools/css-tokenizer": "^3.0.3", "lru-cache": "^10.4.3" } }, "sha512-K1A6z8tS3XsmCMM86xoWdn7Fkdn9m6RSVtocUrJYIwZnFVkng/PvkEoWtOWmP+Scc6saYWHWZYbndEEXxl24jw=="],

    "@biomejs/biome": ["@biomejs/biome@1.9.4", "", { "optionalDependencies": { "@biomejs/cli-darwin-arm64": "1.9.4", "@biomejs/cli-darwin-x64": "1.9.4", "@biomejs/cli-linux-arm64": "1.9.4", "@biomejs/cli-linux-arm64-musl": "1.9.4", "@biomejs/cli-linux-x64": "1.9.4", "@biomejs/cli-linux-x64-musl": "1.9.4", "@biomejs/cli-win32-arm64": "1.9.4", "@biomejs/cli-win32-x64": "1.9.4" }, "bin": { "biome": "bin/biome" } }, "sha512-1rkd7G70+o9KkTn5KLmDYXihGoTaIGO9PIIN2ZB7UJxFrWw04CZHPYiMRjYsaDvVV7hP1dYNRLxSANLaBFGpog=="],

    "@biomejs/cli-darwin-arm64": ["@biomejs/cli-darwin-arm64@1.9.4", "", { "os": "darwin", "cpu": "arm64" }, "sha512-bFBsPWrNvkdKrNCYeAp+xo2HecOGPAy9WyNyB/jKnnedgzl4W4Hb9ZMzYNbf8dMCGmUdSavlYHiR01QaYR58cw=="],

    "@biomejs/cli-darwin-x64": ["@biomejs/cli-darwin-x64@1.9.4", "", { "os": "darwin", "cpu": "x64" }, "sha512-ngYBh/+bEedqkSevPVhLP4QfVPCpb+4BBe2p7Xs32dBgs7rh9nY2AIYUL6BgLw1JVXV8GlpKmb/hNiuIxfPfZg=="],

    "@biomejs/cli-linux-arm64": ["@biomejs/cli-linux-arm64@1.9.4", "", { "os": "linux", "cpu": "arm64" }, "sha512-fJIW0+LYujdjUgJJuwesP4EjIBl/N/TcOX3IvIHJQNsAqvV2CHIogsmA94BPG6jZATS4Hi+xv4SkBBQSt1N4/g=="],

    "@biomejs/cli-linux-arm64-musl": ["@biomejs/cli-linux-arm64-musl@1.9.4", "", { "os": "linux", "cpu": "arm64" }, "sha512-v665Ct9WCRjGa8+kTr0CzApU0+XXtRgwmzIf1SeKSGAv+2scAlW6JR5PMFo6FzqqZ64Po79cKODKf3/AAmECqA=="],

    "@biomejs/cli-linux-x64": ["@biomejs/cli-linux-x64@1.9.4", "", { "os": "linux", "cpu": "x64" }, "sha512-lRCJv/Vi3Vlwmbd6K+oQ0KhLHMAysN8lXoCI7XeHlxaajk06u7G+UsFSO01NAs5iYuWKmVZjmiOzJ0OJmGsMwg=="],

    "@biomejs/cli-linux-x64-musl": ["@biomejs/cli-linux-x64-musl@1.9.4", "", { "os": "linux", "cpu": "x64" }, "sha512-gEhi/jSBhZ2m6wjV530Yy8+fNqG8PAinM3oV7CyO+6c3CEh16Eizm21uHVsyVBEB6RIM8JHIl6AGYCv6Q6Q9Tg=="],

    "@biomejs/cli-win32-arm64": ["@biomejs/cli-win32-arm64@1.9.4", "", { "os": "win32", "cpu": "arm64" }, "sha512-tlbhLk+WXZmgwoIKwHIHEBZUwxml7bRJgk0X2sPyNR3S93cdRq6XulAZRQJ17FYGGzWne0fgrXBKpl7l4M87Hg=="],

    "@biomejs/cli-win32-x64": ["@biomejs/cli-win32-x64@1.9.4", "", { "os": "win32", "cpu": "x64" }, "sha512-8Y5wMhVIPaWe6jw2H+KlEm4wP/f7EW3810ZLmDlrEEy5KvBsb9ECEfu/kMWD484ijfQ8+nIi0giMgu9g1UAuuA=="],

    "@csstools/color-helpers": ["@csstools/color-helpers@5.1.0", "", {}, "sha512-S11EXWJyy0Mz5SYvRmY8nJYTFFd1LCNV+7cXyAgQtOOuzb4EsgfqDufL+9esx72/eLhsRdGZwaldu/h+E4t4BA=="],

    "@csstools/css-calc": ["@csstools/css-calc@2.1.4", "", { "peerDependencies": { "@csstools/css-parser-algorithms": "^3.0.5", "@csstools/css-tokenizer": "^3.0.4" } }, "sha512-3N8oaj+0juUw/1H3YwmDDJXCgTB1gKU6Hc/bB502u9zR0q2vd786XJH9QfrKIEgFlZmhZiq6epXl4rHqhzsIgQ=="],

    "@csstools/css-color-parser": ["@csstools/css-color-parser@3.1.0", "", { "dependencies": { "@csstools/color-helpers": "^5.1.0", "@csstools/css-calc": "^2.1.4" }, "peerDependencies": { "@csstools/css-parser-algorithms": "^3.0.5", "@csstools/css-tokenizer": "^3.0.4" } }, "sha512-nbtKwh3a6xNVIp/VRuXV64yTKnb1IjTAEEh3irzS+HkKjAOYLTGNb9pmVNntZ8iVBHcWDA2Dof0QtPgFI1BaTA=="],

    "@csstools/css-parser-algorithms": ["@csstools/css-parser-algorithms@3.0.5", "", { "peerDependencies": { "@csstools/css-tokenizer": "^3.0.4" } }, "sha512-DaDeUkXZKjdGhgYaHNJTV9pV7Y9B3b644jCLs9Upc3VeNGg6LWARAT6O+Q+/COo+2gg/bM5rhpMAtf70WqfBdQ=="],

    "@csstools/css-tokenizer": ["@csstools/css-tokenizer@3.0.4", "", {}, "sha512-Vd/9EVDiu6PPJt9yAh6roZP6El1xHrdvIVGjyBsHR0RYwNHgL7FJPyIIW4fANJNG6FtyZfvlRPpFI4ZM/lubvw=="],

    "@foliojs-fork/fontkit": ["@foliojs-fork/fontkit@1.9.2", "", { "dependencies": { "@foliojs-fork/restructure": "^2.0.2", "brotli": "^1.2.0", "clone": "^1.0.4", "deep-equal": "^1.0.0", "dfa": "^1.2.0", "tiny-inflate": "^1.0.2", "unicode-properties": "^1.2.2", "unicode-trie": "^2.0.0" } }, "sha512-IfB5EiIb+GZk+77TRB86AHroVaqfq8JRFlUbz0WEwsInyCG0epX2tCPOy+UfaWPju30DeVoUAXfzWXmhn753KA=="],

    "@foliojs-fork/linebreak": ["@foliojs-fork/linebreak@1.1.2", "", { "dependencies": { "base64-js": "1.3.1", "unicode-trie": "^2.0.0" } }, "sha512-ZPohpxxbuKNE0l/5iBJnOAfUaMACwvUIKCvqtWGKIMv1lPYoNjYXRfhi9FeeV9McBkBLxsMFWTVVhHJA8cyzvg=="],

    "@foliojs-fork/pdfkit": ["@foliojs-fork/pdfkit@0.15.3", "", { "dependencies": { "@foliojs-fork/fontkit": "^1.9.2", "@foliojs-fork/linebreak": "^1.1.1", "crypto-js": "^4.2.0", "jpeg-exif": "^1.1.4", "png-js": "^1.0.0" } }, "sha512-Obc0Wmy3bm7BINFVvPhcl2rnSSK61DQrlHU8aXnAqDk9LCjWdUOPwhgD8Ywz5VtuFjRxmVOM/kQ/XLIBjDvltw=="],

    "@foliojs-fork/restructure": ["@foliojs-fork/restructure@2.0.2", "", {}, "sha512-59SgoZ3EXbkfSX7b63tsou/SDGzwUEK6MuB5sKqgVK1/XE0fxmpsOb9DQI8LXW3KfGnAjImCGhhEb7uPPAUVNA=="],

    "@noble/ciphers": ["@noble/ciphers@1.3.0", "", {}, "sha512-2I0gnIVPtfnMw9ee9h1dJG7tp81+8Ob3OJb3Mv37rx5L40/b0i7djjCVvGOVqc9AEIQyvyu1i6ypKdFw8R8gQw=="],

    "@noble/hashes": ["@noble/hashes@1.8.0", "", {}, "sha512-jCs9ldd7NwzpgXDIf6P3+NrHh9/sD6CQdxHyjQI+h/6rDNo88ypBxxz45UDuZHz9r3tNz7N/VInSVoVdtXEI4A=="],

    "@swc/helpers": ["@swc/helpers@0.5.23", "", { "dependencies": { "tslib": "^2.8.0" } }, "sha512-5lSsMOTXURePglDfvuAQUqkGek9Hg2kksOYay2m0+XR++b2NWYL/4sWyuvVBIs8oKnJaxkdi9whaL/sqN13afw=="],

    "@types/bun": ["@types/bun@1.3.14", "", { "dependencies": { "bun-types": "1.3.14" } }, "sha512-h1hFqFVcvAvD9j9K7ZW7vd82aSA+rTdznZa+5bwvCwqSB1jmmfLcbIWhOLx1/+boy/xmjgCs/OMUL8hRJSmnPw=="],

    "@types/jsdom": ["@types/jsdom@21.1.7", "", { "dependencies": { "@types/node": "*", "@types/tough-cookie": "*", "parse5": "^7.0.0" } }, "sha512-yOriVnggzrnQ3a9OKOCxaVuSug3w3/SbOj5i7VwXWZEyUNl3bLF9V3MfxGbZKuwqJOQyRfqXyROBB1CoZLFWzA=="],

    "@types/node": ["@types/node@26.1.0", "", { "dependencies": { "undici-types": "~8.3.0" } }, "sha512-O0A1G3xPGy4w7AgQdAQYUlQ+BKk2Oovw8eRpofyp5KdBZULnbe+WqaOVNrm705SHphCiG4XHsACrSmPu1f+Kgw=="],

    "@types/tough-cookie": ["@types/tough-cookie@4.0.5", "", {}, "sha512-/Ad8+nIOV7Rl++6f1BdKxFSMgmoqEoYbHRpPcx3JEfv8VRsQe9Z4mCXeJBzxs7mbHY/XOZZuXlRNfhpVPbs6ZA=="],

    "agent-base": ["agent-base@7.1.4", "", {}, "sha512-MnA+YT8fwfJPgBx3m60MNqakm30XOkyIoH1y6huTQvC0PwZG7ki8NacLBcrPbNoo8vEZy7Jpuk7+jMO+CUovTQ=="],

    "asynckit": ["asynckit@0.4.0", "", {}, "sha512-Oei9OH4tRh0YqU3GxhX79dM/mwVgvbZJaSNaRk+bshkj0S5cfHcgYakreBjrHwatXKbz+IoIdYLxrKim2MjW0Q=="],

    "base64-js": ["base64-js@0.0.8", "", {}, "sha512-3XSA2cR/h/73EzlXXdU6YNycmYI7+kicTxks4eJg2g39biHR84slg2+des+p7iHYhbRg/udIS4TD53WabcOUkw=="],

    "brotli": ["brotli@1.3.3", "", { "dependencies": { "base64-js": "^1.1.2" } }, "sha512-oTKjJdShmDuGW94SyyaoQvAjf30dZaHnjJ8uAF+u2/vGJkJbJPJAT1gDiOJP5v1Zb6f9KEyW/1HpuaWIXtGHPg=="],

    "browserify-zlib": ["browserify-zlib@0.2.0", "", { "dependencies": { "pako": "~1.0.5" } }, "sha512-Z942RysHXmJrhqk88FmKBVq/v5tqmSkDz7p54G/MGyjMnCFFnC79XWNbg+Vta8W6Wb2qtSZTSxIGkJrRpCFEiA=="],

    "bun-types": ["bun-types@1.3.14", "", { "dependencies": { "@types/node": "*" } }, "sha512-4N0ig0fEomHt5R0KCFWjovxow98rIoRwKolrYdCcknNwMekCXRnWEUvgu5soYV8QXtVsrUD8B95MBOZGPvr6KQ=="],

    "call-bind": ["call-bind@1.0.9", "", { "dependencies": { "call-bind-apply-helpers": "^1.0.2", "es-define-property": "^1.0.1", "get-intrinsic": "^1.3.0", "set-function-length": "^1.2.2" } }, "sha512-a/hy+pNsFUTR+Iz8TCJvXudKVLAnz/DyeSUo10I5yvFDQJBFU2s9uqQpoSrJlroHUKoKqzg+epxyP9lqFdzfBQ=="],

    "call-bind-apply-helpers": ["call-bind-apply-helpers@1.0.2", "", { "dependencies": { "es-errors": "^1.3.0", "function-bind": "^1.1.2" } }, "sha512-Sp1ablJ0ivDkSzjcaJdxEunN5/XvksFJ2sMBFfq6x0ryhQV/2b/KwFe21cMpmHtPOSij8K99/wSfoEuTObmuMQ=="],

    "call-bound": ["call-bound@1.0.4", "", { "dependencies": { "call-bind-apply-helpers": "^1.0.2", "get-intrinsic": "^1.3.0" } }, "sha512-+ys997U96po4Kx/ABpBCqhA9EuxJaQWDQg7295H4hBphv3IZg0boBKuwYpt4YXp6MZ5AmZQnU/tyMTlRpaSejg=="],

    "clone": ["clone@2.1.2", "", {}, "sha512-3Pe/CF1Nn94hyhIYpjtiLhdCoEoz0DqQ+988E9gmeEdQZlojxnOb74wctFyuwWQHzqyf9X7C7MG8juUpqBJT8w=="],

    "combined-stream": ["combined-stream@1.0.8", "", { "dependencies": { "delayed-stream": "~1.0.0" } }, "sha512-FQN4MRfuJeHf7cBbBMJFXhKSDq+2kAArBlmRBvcvFE5BB1HZKXtSFASDhdlz9zOYwxh8lDdnvmMOe/+5cdoEdg=="],

    "crypto-js": ["crypto-js@4.2.0", "", {}, "sha512-KALDyEYgpY+Rlob/iriUtjV6d5Eq+Y191A5g4UqLAi8CyGP9N1+FdVbkc1SxKc2r4YAYqG8JzO2KGL+AizD70Q=="],

    "cssstyle": ["cssstyle@4.6.0", "", { "dependencies": { "@asamuzakjp/css-color": "^3.2.0", "rrweb-cssom": "^0.8.0" } }, "sha512-2z+rWdzbbSZv6/rhtvzvqeZQHrBaqgogqt85sqFNbabZOuFbCVFb8kPeEtZjiKkbrm395irpNKiYeFeLiQnFPg=="],

    "data-urls": ["data-urls@5.0.0", "", { "dependencies": { "whatwg-mimetype": "^4.0.0", "whatwg-url": "^14.0.0" } }, "sha512-ZYP5VBHshaDAiVZxjbRVcFJpc+4xGgT0bK3vzy1HLN8jTO975HEbuYzZJcHoQEY5K1a0z8YayJkyVETa08eNTg=="],

    "debug": ["debug@4.4.3", "", { "dependencies": { "ms": "^2.1.3" }, "peerDependencies": { "supports-color": "*" }, "optionalPeers": ["supports-color"] }, "sha512-RGwwWnwQvkVfavKVt22FGLw+xYSdzARwm0ru6DhTVA3umU5hZc28V3kO4stgYryrTlLpuvgI9GiijltAjNbcqA=="],

    "decimal.js": ["decimal.js@10.6.0", "", {}, "sha512-YpgQiITW3JXGntzdUmyUR1V812Hn8T1YVXhCu+wO3OpS4eU9l4YdD3qjyiKdV6mvV29zapkMeD390UVEf2lkUg=="],

    "deep-equal": ["deep-equal@1.1.2", "", { "dependencies": { "is-arguments": "^1.1.1", "is-date-object": "^1.0.5", "is-regex": "^1.1.4", "object-is": "^1.1.5", "object-keys": "^1.1.1", "regexp.prototype.flags": "^1.5.1" } }, "sha512-5tdhKF6DbU7iIzrIOa1AOUt39ZRm13cmL1cGEh//aqR8x9+tNfbywRf0n5FD/18OKMdo7DNEtrX2t22ZAkI+eg=="],

    "define-data-property": ["define-data-property@1.1.4", "", { "dependencies": { "es-define-property": "^1.0.0", "es-errors": "^1.3.0", "gopd": "^1.0.1" } }, "sha512-rBMvIzlpA8v6E+SJZoo++HAYqsLrkg7MSfIinMPFhmkorw7X+dOXVJQs+QT69zGkzMyfDnIMN2Wid1+NbL3T+A=="],

    "define-properties": ["define-properties@1.2.1", "", { "dependencies": { "define-data-property": "^1.0.1", "has-property-descriptors": "^1.0.0", "object-keys": "^1.1.1" } }, "sha512-8QmQKqEASLd5nx0U1B1okLElbUuuttJ/AnYmRXbbbGDWh6uS208EjD4Xqq/I9wK7u0v6O08XhTWnt5XtEbR6Dg=="],

    "delayed-stream": ["delayed-stream@1.0.0", "", {}, "sha512-ZySD7Nf91aLB0RxL4KGrKHBXl7Eds1DAmEdcoVawXnLD7SDhpNgtuII2aAkg7a7QS41jxPSZ17p4VdGnMHk3MQ=="],

    "dfa": ["dfa@1.2.0", "", {}, "sha512-ED3jP8saaweFTjeGX8HQPjeC1YYyZs98jGNZx6IiBvxW7JG5v492kamAQB3m2wop07CvU/RQmzcKr6bgcC5D/Q=="],

    "dunder-proto": ["dunder-proto@1.0.1", "", { "dependencies": { "call-bind-apply-helpers": "^1.0.1", "es-errors": "^1.3.0", "gopd": "^1.2.0" } }, "sha512-KIN/nDJBQRcXw0MLVhZE9iQHmG68qAVIBg9CqmUYjmQIhgij9U5MFvrqkUL5FbtyyzZuOeOt0zdeRe4UY7ct+A=="],

    "entities": ["entities@6.0.1", "", {}, "sha512-aN97NXWF6AWBTahfVOIrB/NShkzi5H7F9r1s9mD3cDj4Ko5f2qhhVoYMibXF7GlLveb/D2ioWay8lxI97Ven3g=="],

    "es-define-property": ["es-define-property@1.0.1", "", {}, "sha512-e3nRfgfUZ4rNGL232gUgX06QNyyez04KdjFrF+LTRoOXmrOgFKDg4BCdsjW8EnT69eqdYGmRpJwiPVYNrCaW3g=="],

    "es-errors": ["es-errors@1.3.0", "", {}, "sha512-Zf5H2Kxt2xjTvbJvP2ZWLEICxA6j+hAmMzIlypy4xcBg1vKVnx89Wy0GbS+kf5cwCVFFzdCFh2XSCFNULS6csw=="],

    "es-object-atoms": ["es-object-atoms@1.1.2", "", { "dependencies": { "es-errors": "^1.3.0" } }, "sha512-HWcBoN6NileqtSydK2FqHbS/LoDd2pqrnQHLyJzBj4kOp/ky2MWMN694xOfkK8/SnUsW2DH7EfyVlydKCsm1Zw=="],

    "es-set-tostringtag": ["es-set-tostringtag@2.1.0", "", { "dependencies": { "es-errors": "^1.3.0", "get-intrinsic": "^1.2.6", "has-tostringtag": "^1.0.2", "hasown": "^2.0.2" } }, "sha512-j6vWzfrGVfyXxge+O0x5sh6cvxAog0a/4Rdd2K36zCMV5eJ+/+tOAngRO8cODMNWbVRdVlmGZQL2YS3yR8bIUA=="],

    "fast-deep-equal": ["fast-deep-equal@3.1.3", "", {}, "sha512-f3qQ9oQy9j2AhBe/H9VC91wLmKBCCU/gDOnKNAYG5hswO7BLKj09Hc5HYNz9cGI++xlpDCIgDaitVs03ATR84Q=="],

    "fontkit": ["fontkit@2.0.4", "", { "dependencies": { "@swc/helpers": "^0.5.12", "brotli": "^1.3.2", "clone": "^2.1.2", "dfa": "^1.2.0", "fast-deep-equal": "^3.1.3", "restructure": "^3.0.0", "tiny-inflate": "^1.0.3", "unicode-properties": "^1.4.0", "unicode-trie": "^2.0.0" } }, "sha512-syetQadaUEDNdxdugga9CpEYVaQIxOwk7GlwZWWZ19//qW4zE5bknOKeMBDYAASwnpaSHKJITRLMF9m1fp3s6g=="],

    "form-data": ["form-data@4.0.6", "", { "dependencies": { "asynckit": "^0.4.0", "combined-stream": "^1.0.8", "es-set-tostringtag": "^2.1.0", "hasown": "^2.0.4", "mime-types": "^2.1.35" } }, "sha512-vKatAh4SlVfgbv+YtmhiRjhEMJsYpsG1Y2rMQtR+SVSbytsSD1YGzDIcrAJmdFec88u/+VoGmxnl+80gL1tRCQ=="],

    "function-bind": ["function-bind@1.1.2", "", {}, "sha512-7XHNxH7qX9xG5mIwxkhumTox/MIRNcOgDrxWsMt2pAr23WHp6MrRlN7FBSFpCpr+oVO0F744iUgR82nJMfG2SA=="],

    "functions-have-names": ["functions-have-names@1.2.3", "", {}, "sha512-xckBUXyTIqT97tq2x2AMb+g163b5JFysYk0x4qxNFwbfQkmNZoiRHb6sPzI9/QV33WeuvVYBUIiD4NzNIyqaRQ=="],

    "get-intrinsic": ["get-intrinsic@1.3.0", "", { "dependencies": { "call-bind-apply-helpers": "^1.0.2", "es-define-property": "^1.0.1", "es-errors": "^1.3.0", "es-object-atoms": "^1.1.1", "function-bind": "^1.1.2", "get-proto": "^1.0.1", "gopd": "^1.2.0", "has-symbols": "^1.1.0", "hasown": "^2.0.2", "math-intrinsics": "^1.1.0" } }, "sha512-9fSjSaos/fRIVIp+xSJlE6lfwhES7LNtKaCBIamHsjr2na1BiABJPo0mOjjz8GJDURarmCPGqaiVg5mfjb98CQ=="],

    "get-proto": ["get-proto@1.0.1", "", { "dependencies": { "dunder-proto": "^1.0.1", "es-object-atoms": "^1.0.0" } }, "sha512-sTSfBjoXBp89JvIKIefqw7U2CCebsc74kiY6awiGogKtoSGbgjYE/G/+l9sF3MWFPNc9IcoOC4ODfKHfxFmp0g=="],

    "gopd": ["gopd@1.2.0", "", {}, "sha512-ZUKRh6/kUFoAiTAtTYPZJ3hw9wNxx+BIBOijnlG9PnrJsCcSjs1wyyD6vJpaYtgnzDrKYRSqf3OO6Rfa93xsRg=="],

    "has-property-descriptors": ["has-property-descriptors@1.0.2", "", { "dependencies": { "es-define-property": "^1.0.0" } }, "sha512-55JNKuIW+vq4Ke1BjOTjM2YctQIvCT7GFzHwmfZPGo5wnrgkid0YQtnAleFSqumZm4az3n2BS+erby5ipJdgrg=="],

    "has-symbols": ["has-symbols@1.1.0", "", {}, "sha512-1cDNdwJ2Jaohmb3sg4OmKaMBwuC48sYni5HUw2DvsC8LjGTLK9h+eb1X6RyuOHe4hT0ULCW68iomhjUoKUqlPQ=="],

    "has-tostringtag": ["has-tostringtag@1.0.2", "", { "dependencies": { "has-symbols": "^1.0.3" } }, "sha512-NqADB8VjPFLM2V0VvHUewwwsw0ZWBaIdgo+ieHtK3hasLz4qeCRjYcqfB6AQrBggRKppKF8L52/VqdVsO47Dlw=="],

    "hasown": ["hasown@2.0.4", "", { "dependencies": { "function-bind": "^1.1.2" } }, "sha512-T2UbfbBEF32wiepXIsMlTW9+dDYC6wMh/t/vYA4tuOMKqWz/n3vr1NFSxQiyP+zk2mXsoMA/i/7qV6LKut1t1A=="],

    "html-encoding-sniffer": ["html-encoding-sniffer@4.0.0", "", { "dependencies": { "whatwg-encoding": "^3.1.1" } }, "sha512-Y22oTqIU4uuPgEemfz7NDJz6OeKf12Lsu+QC+s3BVpda64lTiMYCyGwg5ki4vFxkMwQdeZDl2adZoqUgdFuTgQ=="],

    "http-proxy-agent": ["http-proxy-agent@7.0.2", "", { "dependencies": { "agent-base": "^7.1.0", "debug": "^4.3.4" } }, "sha512-T1gkAiYYDWYx3V5Bmyu7HcfcvL7mUrTWiM6yOfa3PIphViJ/gFPbvidQ+veqSOHci/PxBcDabeUNCzpOODJZig=="],

    "https-proxy-agent": ["https-proxy-agent@7.0.6", "", { "dependencies": { "agent-base": "^7.1.2", "debug": "4" } }, "sha512-vK9P5/iUfdl95AI+JVyUuIcVtd4ofvtrOr3HNtM2yxC9bnMbEdp3x01OhQNnjb8IJYi38VlTE3mBXwcfvywuSw=="],

    "iconv-lite": ["iconv-lite@0.7.3", "", { "dependencies": { "safer-buffer": ">= 2.1.2 < 3.0.0" } }, "sha512-IKXpvIzjnC9XTAUbVBcMfGS0EPaIXtW6v+zr+RRp+hqULEpo0owZax6wyRwPOJbWbzjYspQwusTsfVr0ifh4uQ=="],

    "is-arguments": ["is-arguments@1.2.0", "", { "dependencies": { "call-bound": "^1.0.2", "has-tostringtag": "^1.0.2" } }, "sha512-7bVbi0huj/wrIAOzb8U1aszg9kdi3KN/CyU19CTI7tAoZYEZoL9yCDXpbXN+uPsuWnP02cyug1gleqq+TU+YCA=="],

    "is-date-object": ["is-date-object@1.1.0", "", { "dependencies": { "call-bound": "^1.0.2", "has-tostringtag": "^1.0.2" } }, "sha512-PwwhEakHVKTdRNVOw+/Gyh0+MzlCl4R6qKvkhuvLtPMggI1WAHt9sOwZxQLSGpUaDnrdyDsomoRgNnCfKNSXXg=="],

    "is-potential-custom-element-name": ["is-potential-custom-element-name@1.0.1", "", {}, "sha512-bCYeRA2rVibKZd+s2625gGnGF/t7DSqDs4dP7CrLA1m7jKWz6pps0LpYLJN8Q64HtmPKJ1hrN3nzPNKFEKOUiQ=="],

    "is-regex": ["is-regex@1.2.1", "", { "dependencies": { "call-bound": "^1.0.2", "gopd": "^1.2.0", "has-tostringtag": "^1.0.2", "hasown": "^2.0.2" } }, "sha512-MjYsKHO5O7mCsmRGxWcLWheFqN9DJ/2TmngvjKXihe6efViPqc274+Fx/4fYj/r03+ESvBdTXK0V6tA3rgez1g=="],

    "jpeg-exif": ["jpeg-exif@1.1.4", "", {}, "sha512-a+bKEcCjtuW5WTdgeXFzswSrdqi0jk4XlEtZlx5A94wCoBpFjfFTbo/Tra5SpNCl/YFZPvcV1dJc+TAYeg6ROQ=="],

    "js-md5": ["js-md5@0.8.3", "", {}, "sha512-qR0HB5uP6wCuRMrWPTrkMaev7MJZwJuuw4fnwAzRgP4J4/F8RwtodOKpGp4XpqsLBFzzgqIO42efFAyz2Et6KQ=="],

    "jsdom": ["jsdom@25.0.1", "", { "dependencies": { "cssstyle": "^4.1.0", "data-urls": "^5.0.0", "decimal.js": "^10.4.3", "form-data": "^4.0.0", "html-encoding-sniffer": "^4.0.0", "http-proxy-agent": "^7.0.2", "https-proxy-agent": "^7.0.5", "is-potential-custom-element-name": "^1.0.1", "nwsapi": "^2.2.12", "parse5": "^7.1.2", "rrweb-cssom": "^0.7.1", "saxes": "^6.0.0", "symbol-tree": "^3.2.4", "tough-cookie": "^5.0.0", "w3c-xmlserializer": "^5.0.0", "webidl-conversions": "^7.0.0", "whatwg-encoding": "^3.1.1", "whatwg-mimetype": "^4.0.0", "whatwg-url": "^14.0.0", "ws": "^8.18.0", "xml-name-validator": "^5.0.0" }, "peerDependencies": { "canvas": "^2.11.2" }, "optionalPeers": ["canvas"] }, "sha512-8i7LzZj7BF8uplX+ZyOlIz86V6TAsSs+np6m1kpW9u0JWi4z/1t+FzcK1aek+ybTnAC4KhBL4uXCNT0wcUIeCw=="],

    "linebreak": ["linebreak@1.1.0", "", { "dependencies": { "base64-js": "0.0.8", "unicode-trie": "^2.0.0" } }, "sha512-MHp03UImeVhB7XZtjd0E4n6+3xr5Dq/9xI/5FptGk5FrbDR3zagPa2DS6U8ks/3HjbKWG9Q1M2ufOzxV2qLYSQ=="],

    "lru-cache": ["lru-cache@10.4.3", "", {}, "sha512-JNAzZcXrCt42VGLuYz0zfAzDfAvJWW6AfYlDBQyDV5DClI2m5sAmK+OIO7s59XfsRsWHp02jAJrRadPRGTt6SQ=="],

    "math-intrinsics": ["math-intrinsics@1.1.0", "", {}, "sha512-/IXtbwEk5HTPyEwyKX6hGkYXxM9nbj64B+ilVJnC/R6B0pH5G4V3b0pVbL7DBj4tkhBAppbQUlf6F6Xl9LHu1g=="],

    "mime-db": ["mime-db@1.52.0", "", {}, "sha512-sPU4uV7dYlvtWJxwwxHD0PuihVNiE7TyAbQ5SWxDCB9mUYvOgroQOwYQQOKPJ8CIbE+1ETVlOoK1UC2nU3gYvg=="],

    "mime-types": ["mime-types@2.1.35", "", { "dependencies": { "mime-db": "1.52.0" } }, "sha512-ZDY+bPm5zTTF+YpCrAU9nK0UgICYPT0QtT1NZWFv4s++TNkcgVaT0g6+4R2uI4MjQjzysHB1zxuWL50hzaeXiw=="],

    "ms": ["ms@2.1.3", "", {}, "sha512-6FlzubTLZG3J2a/NVCAleEhjzq5oxgHyaCU9yYXvcLsvoVaHJq/s5xXI6/XXP6tz7R9xAOtHnSO/tXtF3WRTlA=="],

    "nwsapi": ["nwsapi@2.2.24", "", {}, "sha512-7YRhZ3jS45LwmSCT4b2sVFHt/WuovaktDU07QrtOBY2PXskss5a9jfmR9jptyumwXST+rFjrmppMY1KT/yn35A=="],

    "object-is": ["object-is@1.1.6", "", { "dependencies": { "call-bind": "^1.0.7", "define-properties": "^1.2.1" } }, "sha512-F8cZ+KfGlSGi09lJT7/Nd6KJZ9ygtvYC0/UYYLI9nmQKLMnydpB9yvbv9K1uSkEu7FU9vYPmVwLg328tX+ot3Q=="],

    "object-keys": ["object-keys@1.1.1", "", {}, "sha512-NuAESUOUMrlIXOfHKzD6bpPu3tYt3xvjNdRIQ+FeT0lNb4K8WR70CaDxhuNguS2XG+GjkyMwOzsN5ZktImfhLA=="],

    "pako": ["pako@0.2.9", "", {}, "sha512-NUcwaKxUxWrZLpDG+z/xZaCgQITkA/Dv4V/T6bw7VON6l1Xz/VnrBqrYjZQ12TamKHzITTfOEIYUj48y2KXImA=="],

    "parse5": ["parse5@7.3.0", "", { "dependencies": { "entities": "^6.0.0" } }, "sha512-IInvU7fabl34qmi9gY8XOVxhYyMyuH2xUNpb2q8/Y+7552KlejkRvqvD19nMoUW/uQGGbqNpA6Tufu5FL5BZgw=="],

    "pdfkit": ["pdfkit@0.19.1", "", { "dependencies": { "@noble/ciphers": "^1.0.0", "@noble/hashes": "^1.6.0", "fontkit": "^2.0.4", "js-md5": "^0.8.3", "linebreak": "^1.1.0", "png-js": "^1.1.0" } }, "sha512-6Gzk+wDwTs4VSxsR5rCMTnIl5nlmkye1oWB0l2hDB1EX6ZNSIBroKQEv+2+fPPn+stVjyqzmsqRJVDfB9fo5DA=="],

    "pdfmake": ["pdfmake@0.3.11", "", { "dependencies": { "linebreak": "^1.1.0", "pdfkit": "^0.19.1", "xmldoc": "^2.0.3" } }, "sha512-Uc49J9hUMyuqJk+U+PxlpBpPr96A4HOOfesGx609EPr2ue82+5/Smq/KTAkEqh0/jUGSi1fumvqZ5yAWijJTJg=="],

    "pdfmake-0-2": ["pdfmake@0.2.23", "", { "dependencies": { "@foliojs-fork/linebreak": "^1.1.2", "@foliojs-fork/pdfkit": "^0.15.3", "iconv-lite": "^0.7.1", "xmldoc": "^2.0.3" } }, "sha512-A/IksoKb/ikOZH1edSDJ/2zBbqJKDghD4+fXn3rT7quvCJDlsZMs3NmIB3eajLMMFU9Bd3bZPVvlUMXhvFI+bQ=="],

    "pdfmake-0-3": ["pdfmake@0.3.11", "", { "dependencies": { "linebreak": "^1.1.0", "pdfkit": "^0.19.1", "xmldoc": "^2.0.3" } }, "sha512-Uc49J9hUMyuqJk+U+PxlpBpPr96A4HOOfesGx609EPr2ue82+5/Smq/KTAkEqh0/jUGSi1fumvqZ5yAWijJTJg=="],

    "png-js": ["png-js@1.1.0", "", { "dependencies": { "browserify-zlib": "^0.2.0" } }, "sha512-PM/uYGzGdNSzqeOgly68+6wKQDL1SY0a/N+OEa/+br6LnHWOAJB0Npiamnodfq3jd2LS/i2fMeOKSAILjA+m5Q=="],

    "punycode": ["punycode@2.3.1", "", {}, "sha512-vYt7UD1U9Wg6138shLtLOvdAu+8DsC/ilFtEVHcH+wydcSpNE20AfSOduf6MkRFahL5FY7X1oU7nKVZFtfq8Fg=="],

    "regexp.prototype.flags": ["regexp.prototype.flags@1.5.4", "", { "dependencies": { "call-bind": "^1.0.8", "define-properties": "^1.2.1", "es-errors": "^1.3.0", "get-proto": "^1.0.1", "gopd": "^1.2.0", "set-function-name": "^2.0.2" } }, "sha512-dYqgNSZbDwkaJ2ceRd9ojCGjBq+mOm9LmtXnAnEGyHhN/5R7iDW2TRw3h+o/jCFxus3P2LfWIIiwowAjANm7IA=="],

    "restructure": ["restructure@3.0.2", "", {}, "sha512-gSfoiOEA0VPE6Tukkrr7I0RBdE0s7H1eFCDBk05l1KIQT1UIKNc5JZy6jdyW6eYH3aR3g5b3PuL77rq0hvwtAw=="],

    "rrweb-cssom": ["rrweb-cssom@0.7.1", "", {}, "sha512-TrEMa7JGdVm0UThDJSx7ddw5nVm3UJS9o9CCIZ72B1vSyEZoziDqBYP3XIoi/12lKrJR8rE3jeFHMok2F/Mnsg=="],

    "safer-buffer": ["safer-buffer@2.1.2", "", {}, "sha512-YZo3K82SD7Riyi0E1EQPojLz7kpepnSQI9IyPbHHg1XXXevb5dJI7tpyN2ADxGcQbHG7vcyRHk0cbwqcQriUtg=="],

    "sax": ["sax@1.6.0", "", {}, "sha512-6R3J5M4AcbtLUdZmRv2SygeVaM7IhrLXu9BmnOGmmACak8fiUtOsYNWUS4uK7upbmHIBbLBeFeI//477BKLBzA=="],

    "saxes": ["saxes@6.0.0", "", { "dependencies": { "xmlchars": "^2.2.0" } }, "sha512-xAg7SOnEhrm5zI3puOOKyy1OMcMlIJZYNJY7xLBwSze0UjhPLnWfj2GF2EpT0jmzaJKIWKHLsaSSajf35bcYnA=="],

    "set-function-length": ["set-function-length@1.2.2", "", { "dependencies": { "define-data-property": "^1.1.4", "es-errors": "^1.3.0", "function-bind": "^1.1.2", "get-intrinsic": "^1.2.4", "gopd": "^1.0.1", "has-property-descriptors": "^1.0.2" } }, "sha512-pgRc4hJ4/sNjWCSS9AmnS40x3bNMDTknHgL5UaMBTMyJnU90EgWh1Rz+MC9eFu4BuN/UwZjKQuY/1v3rM7HMfg=="],

    "set-function-name": ["set-function-name@2.0.2", "", { "dependencies": { "define-data-property": "^1.1.4", "es-errors": "^1.3.0", "functions-have-names": "^1.2.3", "has-property-descriptors": "^1.0.2" } }, "sha512-7PGFlmtwsEADb0WYyvCMa1t+yke6daIG4Wirafur5kcf+MhUnPms1UeR0CKQdTZD81yESwMHbtn+TR+dMviakQ=="],

    "symbol-tree": ["symbol-tree@3.2.4", "", {}, "sha512-9QNk5KwDF+Bvz+PyObkmSYjI5ksVUYtjW7AU22r2NKcfLJcXp96hkDWU3+XndOsUb+AQ9QhfzfCT2O+CNWT5Tw=="],

    "tiny-inflate": ["tiny-inflate@1.0.3", "", {}, "sha512-pkY1fj1cKHb2seWDy0B16HeWyczlJA9/WW3u3c4z/NiWDsO3DOU5D7nhTLE9CF0yXv/QZFY7sEJmj24dK+Rrqw=="],

    "tldts": ["tldts@6.1.86", "", { "dependencies": { "tldts-core": "^6.1.86" }, "bin": { "tldts": "bin/cli.js" } }, "sha512-WMi/OQ2axVTf/ykqCQgXiIct+mSQDFdH2fkwhPwgEwvJ1kSzZRiinb0zF2Xb8u4+OqPChmyI6MEu4EezNJz+FQ=="],

    "tldts-core": ["tldts-core@6.1.86", "", {}, "sha512-Je6p7pkk+KMzMv2XXKmAE3McmolOQFdxkKw0R8EYNr7sELW46JqnNeTX8ybPiQgvg1ymCoF8LXs5fzFaZvJPTA=="],

    "tough-cookie": ["tough-cookie@5.1.2", "", { "dependencies": { "tldts": "^6.1.32" } }, "sha512-FVDYdxtnj0G6Qm/DhNPSb8Ju59ULcup3tuJxkFb5K8Bv2pUXILbf0xZWU8PX8Ov19OXljbUyveOFwRMwkXzO+A=="],

    "tr46": ["tr46@5.1.1", "", { "dependencies": { "punycode": "^2.3.1" } }, "sha512-hdF5ZgjTqgAntKkklYw0R03MG2x/bSzTtkxmIRw/sTNV8YXsCJ1tfLAX23lhxhHJlEf3CRCOCGGWw3vI3GaSPw=="],

    "tslib": ["tslib@2.8.1", "", {}, "sha512-oJFu94HQb+KVduSUQL7wnpmqnfmLsOA/nAh6b6EH0wCEoK0/mPeXU6c3wKDV83MkOuHPRHtSXKKU99IBazS/2w=="],

    "typescript": ["typescript@5.9.3", "", { "bin": { "tsc": "bin/tsc", "tsserver": "bin/tsserver" } }, "sha512-jl1vZzPDinLr9eUt3J/t7V6FgNEw9QjvBPdysz9KfQDD41fQrC2Y4vKQdiaUpFT4bXlb1RHhLpp8wtm6M5TgSw=="],

    "undici-types": ["undici-types@8.3.0", "", {}, "sha512-j375ScV60dom+YkPFIfTLcOiPxkN/buHz5GobjLhixFuANaNs3C9l4GmrWqejgXWJ7BbJcFYpTEUkS1Ge8bpZQ=="],

    "unicode-properties": ["unicode-properties@1.4.1", "", { "dependencies": { "base64-js": "^1.3.0", "unicode-trie": "^2.0.0" } }, "sha512-CLjCCLQ6UuMxWnbIylkisbRj31qxHPAurvena/0iwSVbQ2G1VY5/HjV0IRabOEbDHlzZlRdCrD4NhB0JtU40Pg=="],

    "unicode-trie": ["unicode-trie@2.0.0", "", { "dependencies": { "pako": "^0.2.5", "tiny-inflate": "^1.0.0" } }, "sha512-x7bc76x0bm4prf1VLg79uhAzKw8DVboClSN5VxJuQ+LKDOVEW9CdH+VY7SP+vX7xCYQqzzgQpFqz15zeLvAtZQ=="],

    "w3c-xmlserializer": ["w3c-xmlserializer@5.0.0", "", { "dependencies": { "xml-name-validator": "^5.0.0" } }, "sha512-o8qghlI8NZHU1lLPrpi2+Uq7abh4GGPpYANlalzWxyWteJOCsr/P+oPBA49TOLu5FTZO4d3F9MnWJfiMo4BkmA=="],

    "webidl-conversions": ["webidl-conversions@7.0.0", "", {}, "sha512-VwddBukDzu71offAQR975unBIGqfKZpM+8ZX6ySk8nYhVoo5CYaZyzt3YBvYtRtO+aoGlqxPg/B87NGVZ/fu6g=="],

    "whatwg-encoding": ["whatwg-encoding@3.1.1", "", { "dependencies": { "iconv-lite": "0.6.3" } }, "sha512-6qN4hJdMwfYBtE3YBTTHhoeuUrDBPZmbQaxWAqSALV/MeEnR5z1xd8UKud2RAkFoPkmB+hli1TZSnyi84xz1vQ=="],

    "whatwg-mimetype": ["whatwg-mimetype@4.0.0", "", {}, "sha512-QaKxh0eNIi2mE9p2vEdzfagOKHCcj1pJ56EEHGQOVxp8r9/iszLUUV7v89x9O1p/T+NlTM5W7jW6+cz4Fq1YVg=="],

    "whatwg-url": ["whatwg-url@14.2.0", "", { "dependencies": { "tr46": "^5.1.0", "webidl-conversions": "^7.0.0" } }, "sha512-De72GdQZzNTUBBChsXueQUnPKDkg/5A5zp7pFDuQAj5UFoENpiACU0wlCvzpAGnTkj++ihpKwKyYewn/XNUbKw=="],

    "ws": ["ws@8.21.0", "", { "peerDependencies": { "bufferutil": "^4.0.1", "utf-8-validate": ">=5.0.2" }, "optionalPeers": ["bufferutil", "utf-8-validate"] }, "sha512-Vsp28b7DRcimFQvrqu2Wek3z1iYxDCWqHYB8Qsnk/S4RfaCQzPGPyBNuVjJV3cd6UiKtUtp6sNM77gWvzcCH+g=="],

    "xml-name-validator": ["xml-name-validator@5.0.0", "", {}, "sha512-EvGK8EJ3DhaHfbRlETOWAS5pO9MZITeauHKJyb8wyajUfQUenkIg2MvLDTZ4T/TgIcm3HU0TFBgWWboAZ30UHg=="],

    "xmlchars": ["xmlchars@2.2.0", "", {}, "sha512-JZnDKK8B0RCDw84FNdDAIpZK+JuJw+s7Lz8nksI7SIuU3UXJJslUthsi+uWBUYOwPFwW7W7PRLRfUKpxjtjFCw=="],

    "xmldoc": ["xmldoc@2.0.3", "", { "dependencies": { "sax": "^1.4.3" } }, "sha512-6gRk4NY/Jvg67xn7OzJuxLRsGgiXBaPUQplVJ/9l99uIugxh4FTOewYz5ic8WScj7Xx/2WvhENiQKwkK9RpE4w=="],

    "@foliojs-fork/fontkit/clone": ["clone@1.0.4", "", {}, "sha512-JQHZ2QMW6l3aH/j6xCqQThY/9OH4D/9ls34cgkUBiEeocRTU04tHfKPBsUK1PqZCUQM7GiA0IIXJSuXHI64Kbg=="],

    "@foliojs-fork/linebreak/base64-js": ["base64-js@1.3.1", "", {}, "sha512-mLQ4i2QO1ytvGWFWmcngKO//JXAQueZvwEKtjgQFM4jIK0kU+ytMfplL8j+n5mspOfjHwoAg+9yhb7BwAHm36g=="],

    "brotli/base64-js": ["base64-js@1.3.1", "", {}, "sha512-mLQ4i2QO1ytvGWFWmcngKO//JXAQueZvwEKtjgQFM4jIK0kU+ytMfplL8j+n5mspOfjHwoAg+9yhb7BwAHm36g=="],

    "browserify-zlib/pako": ["pako@1.0.11", "", {}, "sha512-4hLB8Py4zZce5s4yd9XzopqwVv/yGNhV1Bl8NTmCq1763HeK2+EwVTv+leGeL13Dnh2wfbqowVPXCIO0z4taYw=="],

    "cssstyle/rrweb-cssom": ["rrweb-cssom@0.8.0", "", {}, "sha512-guoltQEx+9aMf2gDZ0s62EcV8lsXR+0w8915TC3ITdn2YueuNjdAYh/levpU9nFaoChh9RUS5ZdQMrKfVEN9tw=="],

    "unicode-properties/base64-js": ["base64-js@1.3.1", "", {}, "sha512-mLQ4i2QO1ytvGWFWmcngKO//JXAQueZvwEKtjgQFM4jIK0kU+ytMfplL8j+n5mspOfjHwoAg+9yhb7BwAHm36g=="],

    "whatwg-encoding/iconv-lite": ["iconv-lite@0.6.3", "", { "dependencies": { "safer-buffer": ">= 2.1.2 < 3.0.0" } }, "sha512-4fCk79wshMdzMp2rH06qWrJE4iolqLhCUH+OiuIgU++RB0+94NlDL81atO7GX55uUKueo0txHNtvEyI6D7WdMw=="],
  }
}
